{
  "version": "2",
  "remote": {
    "https://crux.land/api/get/2KNRVU.ts": "6a77d55844aba78d01520c5ff0b2f0af7f24cc1716a0de8b3bb6bd918c47b5ba",
    "https://deno.land/std@0.130.0/fmt/colors.ts": "30455035d6d728394781c10755351742dd731e3db6771b1843f9b9e490104d37",
    "https://deno.land/std@0.130.0/testing/_diff.ts": "9d849cd6877694152e01775b2d93f9d6b7aef7e24bfe3bfafc4d7a1ac8e9f392",
    "https://deno.land/std@0.130.0/testing/asserts.ts": "b0ef969032882b1f7eb1c7571e313214baa1485f7b61cf35807b2434e254365c",
    "https://deno.land/std@0.132.0/fmt/colors.ts": "30455035d6d728394781c10755351742dd731e3db6771b1843f9b9e490104d37",
    "https://deno.land/std@0.132.0/testing/_diff.ts": "9d849cd6877694152e01775b2d93f9d6b7aef7e24bfe3bfafc4d7a1ac8e9f392",
    "https://deno.land/std@0.132.0/testing/asserts.ts": "b0ef969032882b1f7eb1c7571e313214baa1485f7b61cf35807b2434e254365c",
    "https://deno.land/std@0.135.0/async/delay.ts": "cbbdf1c87d1aed8edc7bae13592fb3e27e3106e0748f089c263390d4f49e5f6c",
    "https://deno.land/std@0.135.0/collections/_comparators.ts": "bf94763e6e4f77e8dff509975eceeb7af4cbbe1cbc52df02d344bf3222fd46be",
    "https://deno.land/std@0.135.0/collections/bs_node.ts": "2b3f8bab9a2a17fbae7c1916af34c737ec7db511aa71cd21f4f34004df12f308",
    "https://deno.land/std@0.135.0/collections/bs_tree.ts": "d373948d3ad12a99f3f28d6046361042b574c157f8f6f53907ae9788b93b962d",
    "https://deno.land/std@0.135.0/collections/rb_node.ts": "6fef24e118ee6020824850015edaab35e78566dd0e122a1dacd6c288d4d5b2f7",
    "https://deno.land/std@0.135.0/collections/rb_tree.ts": "e2c7f240e291f2a776af3a781ef91f194c24028658f6ccee6c3a8b7c734b25e5",
    "https://deno.land/std@0.99.0/fmt/colors.ts": "db22b314a2ae9430ae7460ce005e0a7130e23ae1c999157e3bb77cf55800f7e4",
    "https://deno.land/std@0.99.0/testing/_diff.ts": "961eaf6d9f5b0a8556c9d835bbc6fa74f5addd7d3b02728ba7936ff93364f7a3",
    "https://deno.land/std@0.99.0/testing/asserts.ts": "289b6ccf3b422ffb311cbf56996960d6530f8d8c0a7281803764c5ec672f9f9c",
    "https://deno.land/x/mixins@0.7.4/apply.ts": "dad7095324f5ce23693a0bc0eb3238f230c0ed2160ea8c285f3773ff7c76dcb0",
    "https://deno.land/x/mock@0.15.2/asserts.ts": "54913a48cf2dc611390b452e7669869eeeff699de49449ebc6ae57d7b48b4f67",
    "https://deno.land/x/mock@0.15.2/callbacks.ts": "cb392fab2224887e1838495c729491c19e660b716c59b646615c12c1c9c9617a",
    "https://deno.land/x/mock@0.15.2/deps.ts": "0849c993e0777c6e6f35fe0da1c3a30cfaaf74da18cacad116357e6f8294c25d",
    "https://deno.land/x/mock@0.15.2/mock.ts": "ab95ccfc252e97670aab687a8b6bcf11ee595174ab3dc7c3f1cdeaf6e1ed2fdc",
    "https://deno.land/x/mock@0.15.2/mod.ts": "d032317cb9ac497ba28355a07c1cd389d992f140a9fccca5224a3daf19ef2210",
    "https://deno.land/x/mock@0.15.2/time.ts": "0f2948cf4ab62f02e8133a37d88b425d2d7f848d639870bbe815559971190445",
    "https://deno.land/x/mock@0.15.2/time_deps.ts": "3fca1b385d8661712b66780839971c4f7b70cc8f7d33e209c92ac684a1ca1edf",
    "https://deno.land/x/mock_fetch@0.3.0/mod.ts": "7e7806c65ab17b2b684c334c4e565812bdaf504a3e9c938d2bb52bb67428bc89"
  }
}